
Microsoft Visual Studio Solution File, Format Version 12.00
# Visual Studio Version 16
VisualStudioVersion = 16.0.29123.88
MinimumVisualStudioVersion = 10.0.40219.1
Project("{FAE04EC0-301F-11D3-BF4B-00C04F79EFBC}") = "DMDCamControl", "DMDCamControl.csproj", "{869AF7CC-BD4E-4D53-9A45-EBE7778C8E75}"
EndProject
Global
	GlobalSection(SolutionConfigurationPlatforms) = preSolution
		Debug|Any CPU = Debug|Any CPU
		Release|Any CPU = Release|Any CPU
	EndGlobalSection
	GlobalSection(ProjectConfigurationPlatforms) = postSolution
		{869AF7CC-BD4E-4D53-9A45-EBE7778C8E75}.Debug|Any CPU.ActiveCfg = Debug|Any CPU
		{869AF7CC-BD4E-4D53-9A45-EBE7778C8E75}.Debug|Any CPU.Build.0 = Debug|Any CPU
		{869AF7CC-BD4E-4D53-9A45-EBE7778C8E75}.Release|Any CPU.ActiveCfg = Release|Any CPU
		{869AF7CC-BD4E-4D53-9A45-EBE7778C8E75}.Release|Any CPU.Build.0 = Release|Any CPU
	EndGlobalSection
	GlobalSection(SolutionProperties) = preSolution
		HideSolutionNode = FALSE
	EndGlobalSection
	GlobalSection(ExtensibilityGlobals) = postSolution
		SolutionGuid = {0BFC8D4D-3BEF-4928-98F5-4EA6FAC5006A}
	EndGlobalSection
EndGlobal
